
Microsoft Visual Studio Solution File, Format Version 12.00
# Visual Studio 15
VisualStudioVersion = 15.0.28010.2041
MinimumVisualStudioVersion = 10.0.40219.1
Project("{FAE04EC0-301F-11D3-BF4B-00C04F79EFBC}") = "TLS1.5", "TLS1.5\TLS1.5.csproj", "{30BCA407-AA68-409A-BF9A-B0CD4D70009E}"
EndProject
Global
	GlobalSection(SolutionConfigurationPlatforms) = preSolution
		Debug|Any CPU = Debug|Any CPU
		Release|Any CPU = Release|Any CPU
	EndGlobalSection
	GlobalSection(ProjectConfigurationPlatforms) = postSolution
		{30BCA407-AA68-409A-BF9A-B0CD4D70009E}.Debug|Any CPU.ActiveCfg = Debug|Any CPU
		{30BCA407-AA68-409A-BF9A-B0CD4D70009E}.Debug|Any CPU.Build.0 = Debug|Any CPU
		{30BCA407-AA68-409A-BF9A-B0CD4D70009E}.Release|Any CPU.ActiveCfg = Release|Any CPU
		{30BCA407-AA68-409A-BF9A-B0CD4D70009E}.Release|Any CPU.Build.0 = Release|Any CPU
	EndGlobalSection
	GlobalSection(SolutionProperties) = preSolution
		HideSolutionNode = FALSE
	EndGlobalSection
	GlobalSection(ExtensibilityGlobals) = postSolution
		SolutionGuid = {A67C81E8-6AF6-4CE1-9631-BFCFEFC27AA1}
	EndGlobalSection
EndGlobal
